
Microsoft Visual Studio Solution File, Format Version 12.00
# Visual Studio 2013
VisualStudioVersion = 12.0.30110.0
MinimumVisualStudioVersion = 10.0.40219.1
Project("{FAE04EC0-301F-11D3-BF4B-00C04F79EFBC}") = "LanguageRecognition", "LanguageRecognition\LanguageRecognition.csproj", "{BF6FDA34-069D-4F10-9820-FFAAEAE284EA}"
EndProject
Project("{FAE04EC0-301F-11D3-BF4B-00C04F79EFBC}") = "PAT.BDD", "PAT.BDD\PAT.BDD.csproj", "{EBB3AD28-953A-4C12-ADD4-4A6752628280}"
EndProject
Project("{FAE04EC0-301F-11D3-BF4B-00C04F79EFBC}") = "Agents", "Agents\Agents.csproj", "{FE04D184-B9EC-4184-AAEB-B4373940BBE7}"
EndProject
Project("{FAE04EC0-301F-11D3-BF4B-00C04F79EFBC}") = "ObjectWorlds", "ObjectWorlds\ObjectWorlds.csproj", "{9BE8B7F9-2B4C-49B8-9745-534A754A43E5}"
EndProject
Global
	GlobalSection(SolutionConfigurationPlatforms) = preSolution
		Debug|Any CPU = Debug|Any CPU
		Release|Any CPU = Release|Any CPU
	EndGlobalSection
	GlobalSection(ProjectConfigurationPlatforms) = postSolution
		{BF6FDA34-069D-4F10-9820-FFAAEAE284EA}.Debug|Any CPU.ActiveCfg = Debug|Any CPU
		{BF6FDA34-069D-4F10-9820-FFAAEAE284EA}.Debug|Any CPU.Build.0 = Debug|Any CPU
		{BF6FDA34-069D-4F10-9820-FFAAEAE284EA}.Release|Any CPU.ActiveCfg = Release|Any CPU
		{BF6FDA34-069D-4F10-9820-FFAAEAE284EA}.Release|Any CPU.Build.0 = Release|Any CPU
		{EBB3AD28-953A-4C12-ADD4-4A6752628280}.Debug|Any CPU.ActiveCfg = Debug|Any CPU
		{EBB3AD28-953A-4C12-ADD4-4A6752628280}.Debug|Any CPU.Build.0 = Debug|Any CPU
		{EBB3AD28-953A-4C12-ADD4-4A6752628280}.Release|Any CPU.ActiveCfg = Release|Any CPU
		{EBB3AD28-953A-4C12-ADD4-4A6752628280}.Release|Any CPU.Build.0 = Release|Any CPU
		{FE04D184-B9EC-4184-AAEB-B4373940BBE7}.Debug|Any CPU.ActiveCfg = Debug|Any CPU
		{FE04D184-B9EC-4184-AAEB-B4373940BBE7}.Debug|Any CPU.Build.0 = Debug|Any CPU
		{FE04D184-B9EC-4184-AAEB-B4373940BBE7}.Release|Any CPU.ActiveCfg = Release|Any CPU
		{FE04D184-B9EC-4184-AAEB-B4373940BBE7}.Release|Any CPU.Build.0 = Release|Any CPU
		{9BE8B7F9-2B4C-49B8-9745-534A754A43E5}.Debug|Any CPU.ActiveCfg = Debug|Any CPU
		{9BE8B7F9-2B4C-49B8-9745-534A754A43E5}.Debug|Any CPU.Build.0 = Debug|Any CPU
		{9BE8B7F9-2B4C-49B8-9745-534A754A43E5}.Release|Any CPU.ActiveCfg = Release|Any CPU
		{9BE8B7F9-2B4C-49B8-9745-534A754A43E5}.Release|Any CPU.Build.0 = Release|Any CPU
	EndGlobalSection
	GlobalSection(SolutionProperties) = preSolution
		HideSolutionNode = FALSE
	EndGlobalSection
	GlobalSection(ExtensibilityGlobals) = postSolution
		VisualSVNWorkingCopyRoot = .
	EndGlobalSection
EndGlobal
